
Microsoft Visual Studio Solution File, Format Version 12.00
# Visual Studio Version 17
VisualStudioVersion = 17.5.002.0
MinimumVisualStudioVersion = 10.0.40219.1
Project("{9A19103F-16F7-4668-BE54-9A1E7A4F7556}") = "api", "api\api.csproj", "{8207E183-F83F-4193-8EF1-649589EE06D8}"
EndProject
Global
	GlobalSection(SolutionConfigurationPlatforms) = preSolution
		Debug|Any CPU = Debug|Any CPU
		Release|Any CPU = Release|Any CPU
	EndGlobalSection
	GlobalSection(ProjectConfigurationPlatforms) = postSolution
		{8207E183-F83F-4193-8EF1-649589EE06D8}.Debug|Any CPU.ActiveCfg = Debug|Any CPU
		{8207E183-F83F-4193-8EF1-649589EE06D8}.Debug|Any CPU.Build.0 = Debug|Any CPU
		{8207E183-F83F-4193-8EF1-649589EE06D8}.Release|Any CPU.ActiveCfg = Release|Any CPU
		{8207E183-F83F-4193-8EF1-649589EE06D8}.Release|Any CPU.Build.0 = Release|Any CPU
	EndGlobalSection
	GlobalSection(SolutionProperties) = preSolution
		HideSolutionNode = FALSE
	EndGlobalSection
	GlobalSection(ExtensibilityGlobals) = postSolution
		SolutionGuid = {8F50DCB4-7EAA-4549-A217-52D621241B32}
	EndGlobalSection
EndGlobal
